
Microsoft Visual Studio Solution File, Format Version 12.00
# Visual Studio 15
VisualStudioVersion = 15.0.27428.2043
MinimumVisualStudioVersion = 10.0.40219.1
Project("{FAE04EC0-301F-11D3-BF4B-00C04F79EFBC}") = "LINQ_LAMBDA", "LINQ_LAMBDA\LINQ_LAMBDA.csproj", "{B6556B01-5E9D-4779-8E9B-025F13A88E92}"
EndProject
Global
	GlobalSection(SolutionConfigurationPlatforms) = preSolution
		Debug|Any CPU = Debug|Any CPU
		Release|Any CPU = Release|Any CPU
	EndGlobalSection
	GlobalSection(ProjectConfigurationPlatforms) = postSolution
		{B6556B01-5E9D-4779-8E9B-025F13A88E92}.Debug|Any CPU.ActiveCfg = Debug|Any CPU
		{B6556B01-5E9D-4779-8E9B-025F13A88E92}.Debug|Any CPU.Build.0 = Debug|Any CPU
		{B6556B01-5E9D-4779-8E9B-025F13A88E92}.Release|Any CPU.ActiveCfg = Release|Any CPU
		{B6556B01-5E9D-4779-8E9B-025F13A88E92}.Release|Any CPU.Build.0 = Release|Any CPU
	EndGlobalSection
	GlobalSection(SolutionProperties) = preSolution
		HideSolutionNode = FALSE
	EndGlobalSection
	GlobalSection(ExtensibilityGlobals) = postSolution
		SolutionGuid = {41AF5EDA-8987-4028-9486-A40AE279876D}
	EndGlobalSection
EndGlobal
